{
  "version": 4,
  "terraform_version": "1.6.3",
  "serial": 84,
  "lineage": "eb22cc94-a86f-9a17-1b3f-30a584daa558",
  "outputs": {
    "url": {
      "value": "http://tf-lb-20231107132324625800000003-2025111032.ca-central-1.elb.amazonaws.com",
      "type": "string"
    }
  },
  "resources": [
    {
      "mode": "data",
      "type": "aws_availability_zones",
      "name": "available",
      "provider": "provider[\"registry.terraform.io/hashicorp/aws\"]",
      "instances": [
        {
          "schema_version": 0,
          "attributes": {
            "all_availability_zones": null,
            "exclude_names": null,
            "exclude_zone_ids": null,
            "filter": null,
            "group_names": [
              "ca-central-1"
            ],
            "id": "ca-central-1",
            "names": [
              "ca-central-1a",
              "ca-central-1b",
              "ca-central-1d"
            ],
            "state": "available",
            "timeouts": null,
            "zone_ids": [
              "cac1-az1",
              "cac1-az2",
              "cac1-az4"
            ]
          },
          "sensitive_attributes": []
        }
      ]
    },
    {
      "mode": "data",
      "type": "aws_caller_identity",
      "name": "this",
      "provider": "provider[\"registry.terraform.io/hashicorp/aws\"]",
      "instances": [
        {
          "schema_version": 0,
          "attributes": {
            "account_id": "615879554790",
            "arn": "arn:aws:iam::615879554790:root",
            "id": "615879554790",
            "user_id": "615879554790"
          },
          "sensitive_attributes": []
        }
      ]
    },
    {
      "mode": "data",
      "type": "aws_ecr_authorization_token",
      "name": "this",
      "provider": "provider[\"registry.terraform.io/hashicorp/aws\"]",
      "instances": [
        {
          "schema_version": 0,
          "attributes": {
            "authorization_token": "QVdTOmV5SndZWGxzYjJGa0lqb2liMWxFWkZsM1V6RlViblJCUjBvMldHOXpXVmRVZFZwdEswdHRaRGxPWWl0SWEyeDVja2czTTBFdlJVMVlhMWxsVjJVNWVHdFpiR0ZuTmtwQ1VpdE5haTlWWlVWVVZ6RXpSak4yV2s1dlpscGhhMjFFU0V4UVdsaElaVFFyY3pJNFZ6a3ZhUzk2ZFVOR1FsaENTa1JPZEVWblFUSklVWHBuTkVkNGRYZHZWR00yV1hkdVVWcGhiSE5ZVUZGWWRreFBiWFYzT0Zvd1RtcG9Obm8wYVZoeWRHNUZaWEpZY0RJNVVGcFRjMmsxUmxsUk5tWkJXbE4yY25wd1FuUnVSWEExUmtoRmVtTmtSMVZGV0V4dmVVVmtOVFpsZFRSNmNtZGpZMnN5V25SUVJXd3hPVWRUYWpaUVFYUlhORzR5UWl0d1NVbElXbXg1TjBORWFXcFBRMFZQU0ZkUVZqRkRaRTV0VURONUszRnBPRzVMZFVKMmNtZHphSEIxVDNwWlQwWlJPVkpZZGtoTGIyRklVbEZwU0d0amRHcHVNQzlhTTNWR1JHSklUV1UxY1dKQmNIRnROV3R0VlVKWU5qVllTV0pLY205bmJUbFBhelJrVldoSlJpdDNiVFJaZHpoaE1UTkVaVmczY0NzclRFZzBhMlJOWVVsM1owUkZaQ3Q0ZEN0dk4zcFFkVVY1VXpsQmNGUlhWWGhqZFVSclVGTjBRMkpFVEdaR1J6Vm5PVVY2Ulhnd1NEWmpkRXRhZDFBeE5Ib3hZeTlsUlRoSlNsRk9MMVEzWlZjeFQxRlBTbGw2VHl0VmEyZEtNRFpDZWpSMGFFVnlTazVFTjNFNWVXSk9SRFZzVG1aTVVrVnJla1Z2WVVoSWFXSTJhWHBsZGt4bWRGSm5ibEJoYkVWS1RqQXpORGQ0YTJ4b1JIRTBhbFI1VTBoV1FuUkhSMlIzU0haMVNqYzVabm94Ym1KUFluUXhNVE5GY1dNNFptYzNaRzFzUlRCc1NpOHdiVzg0VUM4eVJVNXdVV2R1ZG5Gdk1tMXJVRWczUlRCc1UwZzBla2x4ZDNGVFZUVXJNbWxoWkVOMmFHbFhTMHhTVFc5amQwTjNkWEJRTkRGdFJVMWFMMGh2VVhSMVVXMHlXVkJJUzJ0Wk5WVnRkSFE1TjB0TVVGSnJlakZyTDBkc1Z6UnRObXhYZWxaaWJtczRSRTExYWxOdFdrRjNhbEF2VDBFeU0yUktkVFYxYUhJMUwyOVBjWFZxWmtaMk4wd3hiV1p2SzA1VFJGQjJUbEIzYVdoa1VUbFBPVVpxZUdWU2J6VjVibFpQY0dSd1JHaEhjSGRQUW1jd2MyTjFWMlZOYjBwU1prOUhhelpVUTJoQlNscFZNMmRRY0RsRFNURlllSEYxVkdGNGQwZFpXVTFDVlU1cWJYSm9URzlpTTJsNkwxUm5aM05GTjJwcVNESnVNV2xuUVZRMFQyVllRVlppVmtOcmFERkxkMnhSWkV0b1NWRlVXV2d3Y1RSMkwwSktRbG95ZGxoaFkzcHVMMWRDUmtoRE9UTXZWbGN2VnpGSE0wNXhRa3hZYTJwMGJHdGhSekJXYVdKcFpVVlJhVTVFUjJNNGFqRk1RMGcwVEVaSlRESlhWek5PWjBwVFkyZG1WblZGUVhSbloxSlNNWEp3U2toc2EzSjBURXg1UkhoSVJGSXdUbG8zZUc5TFdWVkViMlpLVlZRNVFUVkdSeXM0U21kTk1XaDJNWGhxTWpoalJrNVRSVGQzZUVKb2RXMUNjbWRoVEZKNEt6YzNSRTVIT1U4NVVUMGlMQ0prWVhSaGEyVjVJam9pUVZGRlFrRklhR0pOTUZoUVZXUmxOSEpyVFROSmJ6VjBZekEwTUcxS1QyeElUekpqYzJKUmIzRnRhMHBWZWxsRFUxRkJRVUZJTkhkbVFWbEtTMjlhU1doMlkwNUJVV05IYjBjNGQySlJTVUpCUkVKdlFtZHJjV2hyYVVjNWR6QkNRbmRGZDBobldVcFpTVnBKUVZkVlJFSkJSWFZOUWtWRlJFbG1aa3RWV2xOMlMyVnpPV3hPU2tkUlNVSkZTVUUzVjJrcmNuVTRVa2xEWnpodllsUm5TSEpSWTB3clJsUm1WV3M1Um5SdVVYWlNkMWRoYVZkWVUzRXJUVk15ZG01V09WbzViM1UzYVZodFJWaFRTRGMwYUVKblZHSnlRMHhyUlZobFFYWnhkejBpTENKMlpYSnphVzl1SWpvaU1pSXNJblI1Y0dVaU9pSkVRVlJCWDB0RldTSXNJbVY0Y0dseVlYUnBiMjRpT2pFMk9UazBNRGM1TVRaOQ==",
            "expires_at": "2023-11-08T01:45:16Z",
            "id": "ca-central-1",
            "password": "eyJwYXlsb2FkIjoib1lEZFl3UzFUbnRBR0o2WG9zWVdUdVptK0ttZDlOYitIa2x5ckg3M0EvRU1Ya1llV2U5eGtZbGFnNkpCUitNai9VZUVUVzEzRjN2Wk5vZlpha21ESExQWlhIZTQrczI4VzkvaS96dUNGQlhCSkROdEVnQTJIUXpnNEd4dXdvVGM2WXduUVphbHNYUFFYdkxPbXV3OFowTmpoNno0aVhydG5FZXJYcDI5UFpTc2k1RllRNmZBWlN2cnpwQnRuRXA1RkhFemNkR1VFWExveUVkNTZldTR6cmdjY2syWnRQRWwxOUdTajZQQXRXNG4yQitwSUlIWmx5N0NEaWpPQ0VPSFdQVjFDZE5tUDN5K3FpOG5LdUJ2cmdzaHB1T3pZT0ZROVJYdkhLb2FIUlFpSGtjdGpuMC9aM3VGRGJITWU1cWJBcHFtNWttVUJYNjVYSWJKcm9nbTlPazRkVWhJRit3bTRZdzhhMTNEZVg3cCsrTEg0a2RNYUl3Z0RFZCt4dCtvN3pQdUV5UzlBcFRXVXhjdURrUFN0Q2JETGZGRzVnOUV6RXgwSDZjdEtad1AxNHoxYy9lRThJSlFOL1Q3ZVcxT1FPSll6TytVa2dKMDZCejR0aEVySk5EN3E5eWJORDVsTmZMUkVrekVvYUhIaWI2aXpldkxmdFJnblBhbEVKTjAzNDd4a2xoRHE0alR5U0hWQnRHR2R3SHZ1Sjc5ZnoxbmJPYnQxMTNFcWM4Zmc3ZG1sRTBsSi8wbW84UC8yRU5wUWdudnFvMm1rUEg3RTBsU0g0eklxd3FTVTUrMmlhZEN2aGlXS0xSTW9jd0N3dXBQNDFtRU1aL0hvUXR1UW0yWVBIS2tZNVVtdHQ5N0tMUFJrejFrL0dsVzRtNmxXelZibms4RE11alNtWkF3alAvT0EyM2RKdTV1aHI1L29PcXVqZkZ2N0wxbWZvK05TRFB2TlB3aWhkUTlPOUZqeGVSbzV5blZPcGRwRGhHcHdPQmcwc2N1V2VNb0pSZk9HazZUQ2hBSlpVM2dQcDlDSTFYeHF1VGF4d0dZWU1CVU5qbXJoTG9iM2l6L1RnZ3NFN2pqSDJuMWlnQVQ0T2VYQVZiVkNraDFLd2xRZEtoSVFUWWgwcTR2L0JKQloydlhhY3puL1dCRkhDOTMvVlcvVzFHM05xQkxYa2p0bGthRzBWaWJpZUVRaU5ER2M4ajFMQ0g0TEZJTDJXVzNOZ0pTY2dmVnVFQXRnZ1JSMXJwSkhsa3J0TEx5RHhIRFIwTlo3eG9LWVVEb2ZKVVQ5QTVGRys4SmdNMWh2MXhqMjhjRk5TRTd3eEJodW1CcmdhTFJ4Kzc3RE5HOU85UT0iLCJkYXRha2V5IjoiQVFFQkFIaGJNMFhQVWRlNHJrTTNJbzV0YzA0MG1KT2xITzJjc2JRb3Fta0pVellDU1FBQUFINHdmQVlKS29aSWh2Y05BUWNHb0c4d2JRSUJBREJvQmdrcWhraUc5dzBCQndFd0hnWUpZSVpJQVdVREJBRXVNQkVFRElmZktVWlN2S2VzOWxOSkdRSUJFSUE3V2krcnU4UklDZzhvYlRnSHJRY0wrRlRmVWs5RnRuUXZSd1dhaVdYU3ErTVMydm5WOVo5b3U3aVhtRVhTSDc0aEJnVGJyQ0xrRVhlQXZxdz0iLCJ2ZXJzaW9uIjoiMiIsInR5cGUiOiJEQVRBX0tFWSIsImV4cGlyYXRpb24iOjE2OTk0MDc5MTZ9",
            "proxy_endpoint": "https://615879554790.dkr.ecr.ca-central-1.amazonaws.com",
            "registry_id": null,
            "user_name": "AWS"
          },
          "sensitive_attributes": []
        }
      ]
    },
    {
      "mode": "data",
      "type": "aws_iam_role",
      "name": "ecs_task_execution_role",
      "provider": "provider[\"registry.terraform.io/hashicorp/aws\"]",
      "instances": [
        {
          "schema_version": 0,
          "attributes": {
            "arn": "arn:aws:iam::615879554790:role/ecsTaskExecutionRole",
            "assume_role_policy": "{\"Version\":\"2008-10-17\",\"Statement\":[{\"Sid\":\"\",\"Effect\":\"Allow\",\"Principal\":{\"Service\":\"ecs-tasks.amazonaws.com\"},\"Action\":\"sts:AssumeRole\"}]}",
            "create_date": "2023-10-16T12:52:23Z",
            "description": "",
            "id": "ecsTaskExecutionRole",
            "max_session_duration": 3600,
            "name": "ecsTaskExecutionRole",
            "path": "/",
            "permissions_boundary": "",
            "role_last_used": [
              {
                "last_used_date": "2023-11-01T10:57:02Z",
                "region": "us-east-1"
              }
            ],
            "tags": {},
            "unique_id": "AROAY6ZKIG3TDQN2TLDT2"
          },
          "sensitive_attributes": []
        }
      ]
    },
    {
      "mode": "data",
      "type": "aws_region",
      "name": "this",
      "provider": "provider[\"registry.terraform.io/hashicorp/aws\"]",
      "instances": [
        {
          "schema_version": 0,
          "attributes": {
            "description": "Canada (Central)",
            "endpoint": "ec2.ca-central-1.amazonaws.com",
            "id": "ca-central-1",
            "name": "ca-central-1"
          },
          "sensitive_attributes": []
        }
      ]
    },
    {
      "mode": "managed",
      "type": "aws_ecs_service",
      "name": "this",
      "provider": "provider[\"registry.terraform.io/hashicorp/aws\"]",
      "instances": [
        {
          "schema_version": 0,
          "attributes": {
            "alarms": [],
            "capacity_provider_strategy": [],
            "cluster": "arn:aws:ecs:ca-central-1:615879554790:cluster/hello-world-ecs-example",
            "deployment_circuit_breaker": [
              {
                "enable": false,
                "rollback": false
              }
            ],
            "deployment_controller": [
              {
                "type": "ECS"
              }
            ],
            "deployment_maximum_percent": 200,
            "deployment_minimum_healthy_percent": 100,
            "desired_count": 1,
            "enable_ecs_managed_tags": false,
            "enable_execute_command": false,
            "force_new_deployment": null,
            "health_check_grace_period_seconds": 0,
            "iam_role": "/aws-service-role/ecs.amazonaws.com/AWSServiceRoleForECS",
            "id": "arn:aws:ecs:ca-central-1:615879554790:service/hello-world-ecs-example/hello-world-ecs-example-service",
            "launch_type": "FARGATE",
            "load_balancer": [
              {
                "container_name": "hello-world-container",
                "container_port": 8080,
                "elb_name": "",
                "target_group_arn": "arn:aws:elasticloadbalancing:ca-central-1:615879554790:targetgroup/tf-20231107132321031000000002/34090d3806bc6b07"
              }
            ],
            "name": "hello-world-ecs-example-service",
            "network_configuration": [
              {
                "assign_public_ip": false,
                "security_groups": [
                  "sg-02df355385866789e"
                ],
                "subnets": [
                  "subnet-06f179a081af8f5e0",
                  "subnet-0ded13adf1139fe1a"
                ]
              }
            ],
            "ordered_placement_strategy": [],
            "placement_constraints": [],
            "platform_version": "LATEST",
            "propagate_tags": "NONE",
            "scheduling_strategy": "REPLICA",
            "service_connect_configuration": [],
            "service_registries": [],
            "tags": {},
            "tags_all": {
              "example": "hello-world-ecs-example"
            },
            "task_definition": "arn:aws:ecs:ca-central-1:615879554790:task-definition/family-of-hello-world-ecs-example-tasks:5",
            "timeouts": null,
            "triggers": {},
            "wait_for_steady_state": false
          },
          "sensitive_attributes": [],
          "private": "eyJlMmJmYjczMC1lY2FhLTExZTYtOGY4OC0zNDM2M2JjN2M0YzAiOnsiY3JlYXRlIjoxMjAwMDAwMDAwMDAwLCJkZWxldGUiOjEyMDAwMDAwMDAwMDAsInVwZGF0ZSI6MTIwMDAwMDAwMDAwMH19",
          "dependencies": [
            "aws_ecs_task_definition.this",
            "data.aws_availability_zones.available",
            "data.aws_caller_identity.this",
            "data.aws_ecr_authorization_token.this",
            "data.aws_iam_role.ecs_task_execution_role",
            "data.aws_region.this",
            "docker_image.this",
            "docker_registry_image.this",
            "module.alb.aws_lb_target_group.main",
            "module.ecr.aws_ecr_repository.this",
            "module.ecr.aws_ecrpublic_repository.this",
            "module.ecs.aws_ecs_cluster.this",
            "module.vpc.aws_subnet.private",
            "module.vpc.aws_vpc.this",
            "module.vpc.aws_vpc_ipv4_cidr_block_association.this"
          ]
        }
      ]
    },
    {
      "mode": "managed",
      "type": "aws_ecs_task_definition",
      "name": "this",
      "provider": "provider[\"registry.terraform.io/hashicorp/aws\"]",
      "instances": [
        {
          "schema_version": 1,
          "attributes": {
            "arn": "arn:aws:ecs:ca-central-1:615879554790:task-definition/family-of-hello-world-ecs-example-tasks:5",
            "arn_without_revision": "arn:aws:ecs:ca-central-1:615879554790:task-definition/family-of-hello-world-ecs-example-tasks",
            "container_definitions": "[{\"cpu\":0,\"environment\":[{\"name\":\"NODE_ENV\",\"value\":\"production\"}],\"essential\":true,\"image\":\"615879554790.dkr.ecr.ca-central-1.amazonaws.com/hello-world-ecs-example:2023-11-07T13-45-18\",\"mountPoints\":[],\"name\":\"hello-world-container\",\"portMappings\":[{\"containerPort\":8080,\"hostPort\":8080,\"protocol\":\"tcp\"}],\"volumesFrom\":[]}]",
            "cpu": "256",
            "ephemeral_storage": [],
            "execution_role_arn": "arn:aws:iam::615879554790:role/ecsTaskExecutionRole",
            "family": "family-of-hello-world-ecs-example-tasks",
            "id": "family-of-hello-world-ecs-example-tasks",
            "inference_accelerator": [],
            "ipc_mode": "",
            "memory": "512",
            "network_mode": "awsvpc",
            "pid_mode": "",
            "placement_constraints": [],
            "proxy_configuration": [],
            "requires_compatibilities": [
              "FARGATE"
            ],
            "revision": 5,
            "runtime_platform": [],
            "skip_destroy": false,
            "tags": null,
            "tags_all": {
              "example": "hello-world-ecs-example"
            },
            "task_role_arn": "",
            "volume": []
          },
          "sensitive_attributes": [],
          "private": "eyJzY2hlbWFfdmVyc2lvbiI6IjEifQ==",
          "dependencies": [
            "data.aws_caller_identity.this",
            "data.aws_ecr_authorization_token.this",
            "data.aws_iam_role.ecs_task_execution_role",
            "data.aws_region.this",
            "docker_image.this",
            "docker_registry_image.this",
            "module.ecr.aws_ecr_repository.this",
            "module.ecr.aws_ecrpublic_repository.this"
          ]
        }
      ]
    },
    {
      "mode": "managed",
      "type": "docker_image",
      "name": "this",
      "provider": "provider[\"registry.terraform.io/kreuzwerker/docker\"]",
      "instances": [
        {
          "schema_version": 0,
          "attributes": {
            "build": [
              {
                "auth_config": [],
                "build_arg": null,
                "build_args": null,
                "build_id": "",
                "cache_from": [],
                "cgroup_parent": "",
                "context": ".",
                "cpu_period": null,
                "cpu_quota": null,
                "cpu_set_cpus": "",
                "cpu_set_mems": "",
                "cpu_shares": null,
                "dockerfile": "Dockerfile",
                "extra_hosts": [],
                "force_remove": null,
                "isolation": "",
                "label": null,
                "labels": null,
                "memory": null,
                "memory_swap": null,
                "network_mode": "",
                "no_cache": null,
                "platform": "",
                "pull_parent": null,
                "remote_context": "",
                "remove": true,
                "security_opt": [],
                "session_id": "",
                "shm_size": null,
                "squash": null,
                "suppress_output": null,
                "tag": [],
                "target": "",
                "ulimit": [],
                "version": ""
              }
            ],
            "force_remove": null,
            "id": "sha256:cabfb5ad40e14f35e0a85bee337528c5955bc6548f2fe900a272d8c8bc99a1e4615879554790.dkr.ecr.ca-central-1.amazonaws.com/hello-world-ecs-example:2023-11-07T13-45-18",
            "image_id": "sha256:cabfb5ad40e14f35e0a85bee337528c5955bc6548f2fe900a272d8c8bc99a1e4",
            "keep_locally": null,
            "name": "615879554790.dkr.ecr.ca-central-1.amazonaws.com/hello-world-ecs-example:2023-11-07T13-45-18",
            "platform": null,
            "pull_triggers": null,
            "repo_digest": "",
            "triggers": null
          },
          "sensitive_attributes": [],
          "private": "bnVsbA==",
          "dependencies": [
            "data.aws_caller_identity.this",
            "data.aws_ecr_authorization_token.this",
            "data.aws_region.this",
            "module.ecr.aws_ecr_repository.this",
            "module.ecr.aws_ecrpublic_repository.this"
          ]
        }
      ]
    },
    {
      "mode": "managed",
      "type": "docker_registry_image",
      "name": "this",
      "provider": "provider[\"registry.terraform.io/kreuzwerker/docker\"]",
      "instances": [
        {
          "schema_version": 0,
          "attributes": {
            "id": "sha256:d2fe21709067719f662be0aa8507fa3b1347cf2d643c315836424dfefd53401e",
            "insecure_skip_verify": false,
            "keep_remotely": true,
            "name": "615879554790.dkr.ecr.ca-central-1.amazonaws.com/hello-world-ecs-example:2023-11-07T13-45-18",
            "sha256_digest": "sha256:d2fe21709067719f662be0aa8507fa3b1347cf2d643c315836424dfefd53401e",
            "triggers": null
          },
          "sensitive_attributes": [],
          "private": "bnVsbA==",
          "dependencies": [
            "data.aws_caller_identity.this",
            "data.aws_ecr_authorization_token.this",
            "data.aws_region.this",
            "docker_image.this",
            "module.ecr.aws_ecr_repository.this",
            "module.ecr.aws_ecrpublic_repository.this"
          ]
        }
      ]
    },
    {
      "module": "module.alb",
      "mode": "managed",
      "type": "aws_lb",
      "name": "this",
      "provider": "provider[\"registry.terraform.io/hashicorp/aws\"]",
      "instances": [
        {
          "index_key": 0,
          "schema_version": 0,
          "attributes": {
            "access_logs": [
              {
                "bucket": "",
                "enabled": false,
                "prefix": ""
              }
            ],
            "arn": "arn:aws:elasticloadbalancing:ca-central-1:615879554790:loadbalancer/app/tf-lb-20231107132324625800000003/326a59ac910ef810",
            "arn_suffix": "app/tf-lb-20231107132324625800000003/326a59ac910ef810",
            "customer_owned_ipv4_pool": "",
            "desync_mitigation_mode": "defensive",
            "dns_name": "tf-lb-20231107132324625800000003-2025111032.ca-central-1.elb.amazonaws.com",
            "drop_invalid_header_fields": false,
            "enable_cross_zone_load_balancing": true,
            "enable_deletion_protection": false,
            "enable_http2": true,
            "enable_tls_version_and_cipher_suite_headers": false,
            "enable_waf_fail_open": false,
            "enable_xff_client_port": false,
            "id": "arn:aws:elasticloadbalancing:ca-central-1:615879554790:loadbalancer/app/tf-lb-20231107132324625800000003/326a59ac910ef810",
            "idle_timeout": 60,
            "internal": false,
            "ip_address_type": "ipv4",
            "load_balancer_type": "application",
            "name": "tf-lb-20231107132324625800000003",
            "name_prefix": null,
            "preserve_host_header": false,
            "security_groups": [
              "sg-02df355385866789e",
              "sg-0915d31a55c6051d8"
            ],
            "subnet_mapping": [
              {
                "allocation_id": "",
                "ipv6_address": "",
                "outpost_id": "",
                "private_ipv4_address": "",
                "subnet_id": "subnet-08075ece28092437e"
              },
              {
                "allocation_id": "",
                "ipv6_address": "",
                "outpost_id": "",
                "private_ipv4_address": "",
                "subnet_id": "subnet-081083099c873740f"
              }
            ],
            "subnets": [
              "subnet-08075ece28092437e",
              "subnet-081083099c873740f"
            ],
            "tags": {},
            "tags_all": {
              "example": "hello-world-ecs-example"
            },
            "timeouts": {
              "create": "10m",
              "delete": "10m",
              "update": "10m"
            },
            "vpc_id": "vpc-0541ec95a973ab192",
            "xff_header_processing_mode": "append",
            "zone_id": "ZQSVJUPU6J1EY"
          },
          "sensitive_attributes": [],
          "private": "eyJlMmJmYjczMC1lY2FhLTExZTYtOGY4OC0zNDM2M2JjN2M0YzAiOnsiY3JlYXRlIjo2MDAwMDAwMDAwMDAsImRlbGV0ZSI6NjAwMDAwMDAwMDAwLCJ1cGRhdGUiOjYwMDAwMDAwMDAwMH19",
          "dependencies": [
            "data.aws_availability_zones.available",
            "module.alb.aws_security_group.this",
            "module.vpc.aws_subnet.public",
            "module.vpc.aws_vpc.this",
            "module.vpc.aws_vpc_ipv4_cidr_block_association.this"
          ]
        }
      ]
    },
    {
      "module": "module.alb",
      "mode": "managed",
      "type": "aws_lb_listener",
      "name": "frontend_http_tcp",
      "provider": "provider[\"registry.terraform.io/hashicorp/aws\"]",
      "instances": [
        {
          "index_key": 0,
          "schema_version": 0,
          "attributes": {
            "alpn_policy": null,
            "arn": "arn:aws:elasticloadbalancing:ca-central-1:615879554790:listener/app/tf-lb-20231107132324625800000003/326a59ac910ef810/a412ae2a2da3485c",
            "certificate_arn": null,
            "default_action": [
              {
                "authenticate_cognito": [],
                "authenticate_oidc": [],
                "fixed_response": [],
                "forward": [],
                "order": 1,
                "redirect": [],
                "target_group_arn": "arn:aws:elasticloadbalancing:ca-central-1:615879554790:targetgroup/tf-20231107132321031000000002/34090d3806bc6b07",
                "type": "forward"
              }
            ],
            "id": "arn:aws:elasticloadbalancing:ca-central-1:615879554790:listener/app/tf-lb-20231107132324625800000003/326a59ac910ef810/a412ae2a2da3485c",
            "load_balancer_arn": "arn:aws:elasticloadbalancing:ca-central-1:615879554790:loadbalancer/app/tf-lb-20231107132324625800000003/326a59ac910ef810",
            "port": 80,
            "protocol": "HTTP",
            "ssl_policy": "",
            "tags": {},
            "tags_all": {
              "example": "hello-world-ecs-example"
            },
            "timeouts": null
          },
          "sensitive_attributes": [],
          "private": "eyJlMmJmYjczMC1lY2FhLTExZTYtOGY4OC0zNDM2M2JjN2M0YzAiOnsicmVhZCI6NjAwMDAwMDAwMDAwfX0=",
          "dependencies": [
            "data.aws_availability_zones.available",
            "module.alb.aws_lb.this",
            "module.alb.aws_lb_target_group.main",
            "module.alb.aws_security_group.this",
            "module.vpc.aws_subnet.public",
            "module.vpc.aws_vpc.this",
            "module.vpc.aws_vpc_ipv4_cidr_block_association.this"
          ]
        }
      ]
    },
    {
      "module": "module.alb",
      "mode": "managed",
      "type": "aws_lb_target_group",
      "name": "main",
      "provider": "provider[\"registry.terraform.io/hashicorp/aws\"]",
      "instances": [
        {
          "index_key": 0,
          "schema_version": 0,
          "attributes": {
            "arn": "arn:aws:elasticloadbalancing:ca-central-1:615879554790:targetgroup/tf-20231107132321031000000002/34090d3806bc6b07",
            "arn_suffix": "targetgroup/tf-20231107132321031000000002/34090d3806bc6b07",
            "connection_termination": false,
            "deregistration_delay": "300",
            "health_check": [
              {
                "enabled": true,
                "healthy_threshold": 5,
                "interval": 30,
                "matcher": "200",
                "path": "/",
                "port": "traffic-port",
                "protocol": "HTTP",
                "timeout": 5,
                "unhealthy_threshold": 2
              }
            ],
            "id": "arn:aws:elasticloadbalancing:ca-central-1:615879554790:targetgroup/tf-20231107132321031000000002/34090d3806bc6b07",
            "ip_address_type": "ipv4",
            "lambda_multi_value_headers_enabled": false,
            "load_balancing_algorithm_type": "round_robin",
            "load_balancing_cross_zone_enabled": "use_load_balancer_configuration",
            "name": "tf-20231107132321031000000002",
            "name_prefix": null,
            "port": 8080,
            "preserve_client_ip": null,
            "protocol": "HTTP",
            "protocol_version": "HTTP1",
            "proxy_protocol_v2": false,
            "slow_start": 0,
            "stickiness": [
              {
                "cookie_duration": 86400,
                "cookie_name": "",
                "enabled": false,
                "type": "lb_cookie"
              }
            ],
            "tags": {
              "Name": ""
            },
            "tags_all": {
              "Name": "",
              "example": "hello-world-ecs-example"
            },
            "target_failover": [
              {
                "on_deregistration": null,
                "on_unhealthy": null
              }
            ],
            "target_type": "ip",
            "vpc_id": "vpc-0541ec95a973ab192"
          },
          "sensitive_attributes": [],
          "private": "bnVsbA==",
          "dependencies": [
            "module.vpc.aws_vpc.this"
          ],
          "create_before_destroy": true
        }
      ]
    },
    {
      "module": "module.alb",
      "mode": "managed",
      "type": "aws_security_group",
      "name": "this",
      "provider": "provider[\"registry.terraform.io/hashicorp/aws\"]",
      "instances": [
        {
          "index_key": 0,
          "schema_version": 1,
          "attributes": {
            "arn": "arn:aws:ec2:ca-central-1:615879554790:security-group/sg-0915d31a55c6051d8",
            "description": "Managed by Terraform",
            "egress": [
              {
                "cidr_blocks": [
                  "0.0.0.0/0"
                ],
                "description": "Permit all outgoing requests to the internet",
                "from_port": 0,
                "ipv6_cidr_blocks": [],
                "prefix_list_ids": [],
                "protocol": "-1",
                "security_groups": [],
                "self": false,
                "to_port": 0
              }
            ],
            "id": "sg-0915d31a55c6051d8",
            "ingress": [
              {
                "cidr_blocks": [
                  "0.0.0.0/0"
                ],
                "description": "Permit incoming HTTP requests from the internet",
                "from_port": 80,
                "ipv6_cidr_blocks": [],
                "prefix_list_ids": [],
                "protocol": "tcp",
                "security_groups": [],
                "self": false,
                "to_port": 80
              }
            ],
            "name": "-20231107132321020200000001",
            "name_prefix": "-",
            "owner_id": "615879554790",
            "revoke_rules_on_delete": false,
            "tags": {
              "Name": ""
            },
            "tags_all": {
              "Name": "",
              "example": "hello-world-ecs-example"
            },
            "timeouts": null,
            "vpc_id": "vpc-0541ec95a973ab192"
          },
          "sensitive_attributes": [],
          "private": "eyJlMmJmYjczMC1lY2FhLTExZTYtOGY4OC0zNDM2M2JjN2M0YzAiOnsiY3JlYXRlIjo2MDAwMDAwMDAwMDAsImRlbGV0ZSI6OTAwMDAwMDAwMDAwfSwic2NoZW1hX3ZlcnNpb24iOiIxIn0=",
          "dependencies": [
            "module.vpc.aws_vpc.this"
          ],
          "create_before_destroy": true
        }
      ]
    },
    {
      "module": "module.alb",
      "mode": "managed",
      "type": "aws_security_group_rule",
      "name": "this",
      "provider": "provider[\"registry.terraform.io/hashicorp/aws\"]",
      "instances": [
        {
          "index_key": "egress_all",
          "schema_version": 2,
          "attributes": {
            "cidr_blocks": [
              "0.0.0.0/0"
            ],
            "description": "Permit all outgoing requests to the internet",
            "from_port": 0,
            "id": "sgrule-718810301",
            "ipv6_cidr_blocks": null,
            "prefix_list_ids": null,
            "protocol": "-1",
            "security_group_id": "sg-0915d31a55c6051d8",
            "security_group_rule_id": "sgr-030b324ba9dd3c0c1",
            "self": false,
            "source_security_group_id": null,
            "timeouts": null,
            "to_port": 0,
            "type": "egress"
          },
          "sensitive_attributes": [],
          "private": "eyJlMmJmYjczMC1lY2FhLTExZTYtOGY4OC0zNDM2M2JjN2M0YzAiOnsiY3JlYXRlIjozMDAwMDAwMDAwMDB9LCJzY2hlbWFfdmVyc2lvbiI6IjIifQ==",
          "dependencies": [
            "module.alb.aws_security_group.this",
            "module.vpc.aws_vpc.this"
          ]
        },
        {
          "index_key": "ingress_all_http",
          "schema_version": 2,
          "attributes": {
            "cidr_blocks": [
              "0.0.0.0/0"
            ],
            "description": "Permit incoming HTTP requests from the internet",
            "from_port": 80,
            "id": "sgrule-1656332982",
            "ipv6_cidr_blocks": null,
            "prefix_list_ids": null,
            "protocol": "tcp",
            "security_group_id": "sg-0915d31a55c6051d8",
            "security_group_rule_id": "sgr-00366575d42d35a04",
            "self": false,
            "source_security_group_id": null,
            "timeouts": null,
            "to_port": 80,
            "type": "ingress"
          },
          "sensitive_attributes": [],
          "private": "eyJlMmJmYjczMC1lY2FhLTExZTYtOGY4OC0zNDM2M2JjN2M0YzAiOnsiY3JlYXRlIjozMDAwMDAwMDAwMDB9LCJzY2hlbWFfdmVyc2lvbiI6IjIifQ==",
          "dependencies": [
            "module.alb.aws_security_group.this",
            "module.vpc.aws_vpc.this"
          ]
        }
      ]
    },
    {
      "module": "module.ecr",
      "mode": "data",
      "type": "aws_caller_identity",
      "name": "current",
      "provider": "provider[\"registry.terraform.io/hashicorp/aws\"]",
      "instances": [
        {
          "schema_version": 0,
          "attributes": {
            "account_id": "615879554790",
            "arn": "arn:aws:iam::615879554790:root",
            "id": "615879554790",
            "user_id": "615879554790"
          },
          "sensitive_attributes": []
        }
      ]
    },
    {
      "module": "module.ecr",
      "mode": "data",
      "type": "aws_iam_policy_document",
      "name": "repository",
      "provider": "provider[\"registry.terraform.io/hashicorp/aws\"]",
      "instances": [
        {
          "index_key": 0,
          "schema_version": 0,
          "attributes": {
            "id": "1763949621",
            "json": "{\n  \"Version\": \"2012-10-17\",\n  \"Statement\": [\n    {\n      \"Sid\": \"PrivateReadOnly\",\n      \"Effect\": \"Allow\",\n      \"Action\": [\n        \"ecr:ListTagsForResource\",\n        \"ecr:ListImages\",\n        \"ecr:GetRepositoryPolicy\",\n        \"ecr:GetLifecyclePolicyPreview\",\n        \"ecr:GetLifecyclePolicy\",\n        \"ecr:GetDownloadUrlForLayer\",\n        \"ecr:GetAuthorizationToken\",\n        \"ecr:DescribeRepositories\",\n        \"ecr:DescribeImages\",\n        \"ecr:DescribeImageScanFindings\",\n        \"ecr:BatchGetImage\",\n        \"ecr:BatchCheckLayerAvailability\"\n      ],\n      \"Principal\": {\n        \"AWS\": \"arn:aws:iam::615879554790:root\"\n      }\n    }\n  ]\n}",
            "override_json": null,
            "override_policy_documents": null,
            "policy_id": null,
            "source_json": null,
            "source_policy_documents": null,
            "statement": [
              {
                "actions": [
                  "ecr:BatchCheckLayerAvailability",
                  "ecr:BatchGetImage",
                  "ecr:DescribeImageScanFindings",
                  "ecr:DescribeImages",
                  "ecr:DescribeRepositories",
                  "ecr:GetAuthorizationToken",
                  "ecr:GetDownloadUrlForLayer",
                  "ecr:GetLifecyclePolicy",
                  "ecr:GetLifecyclePolicyPreview",
                  "ecr:GetRepositoryPolicy",
                  "ecr:ListImages",
                  "ecr:ListTagsForResource"
                ],
                "condition": [],
                "effect": "Allow",
                "not_actions": [],
                "not_principals": [],
                "not_resources": [],
                "principals": [
                  {
                    "identifiers": [
                      "arn:aws:iam::615879554790:root"
                    ],
                    "type": "AWS"
                  }
                ],
                "resources": [],
                "sid": "PrivateReadOnly"
              }
            ],
            "version": "2012-10-17"
          },
          "sensitive_attributes": []
        }
      ]
    },
    {
      "module": "module.ecr",
      "mode": "data",
      "type": "aws_partition",
      "name": "current",
      "provider": "provider[\"registry.terraform.io/hashicorp/aws\"]",
      "instances": [
        {
          "schema_version": 0,
          "attributes": {
            "dns_suffix": "amazonaws.com",
            "id": "aws",
            "partition": "aws",
            "reverse_dns_prefix": "com.amazonaws"
          },
          "sensitive_attributes": []
        }
      ]
    },
    {
      "module": "module.ecr",
      "mode": "managed",
      "type": "aws_ecr_lifecycle_policy",
      "name": "this",
      "provider": "provider[\"registry.terraform.io/hashicorp/aws\"]",
      "instances": [
        {
          "index_key": 0,
          "schema_version": 0,
          "attributes": {
            "id": "hello-world-ecs-example",
            "policy": "{\"rules\":[{\"action\":{\"type\":\"expire\"},\"description\":\"Delete all images except a handful of the newest images\",\"rulePriority\":1,\"selection\":{\"countNumber\":3,\"countType\":\"imageCountMoreThan\",\"tagStatus\":\"any\"}}]}",
            "registry_id": "615879554790",
            "repository": "hello-world-ecs-example"
          },
          "sensitive_attributes": [],
          "private": "bnVsbA==",
          "dependencies": [
            "module.ecr.aws_ecr_repository.this"
          ]
        }
      ]
    },
    {
      "module": "module.ecr",
      "mode": "managed",
      "type": "aws_ecr_repository",
      "name": "this",
      "provider": "provider[\"registry.terraform.io/hashicorp/aws\"]",
      "instances": [
        {
          "index_key": 0,
          "schema_version": 0,
          "attributes": {
            "arn": "arn:aws:ecr:ca-central-1:615879554790:repository/hello-world-ecs-example",
            "encryption_configuration": [
              {
                "encryption_type": "AES256",
                "kms_key": ""
              }
            ],
            "force_delete": true,
            "id": "hello-world-ecs-example",
            "image_scanning_configuration": [
              {
                "scan_on_push": true
              }
            ],
            "image_tag_mutability": "IMMUTABLE",
            "name": "hello-world-ecs-example",
            "registry_id": "615879554790",
            "repository_url": "615879554790.dkr.ecr.ca-central-1.amazonaws.com/hello-world-ecs-example",
            "tags": {},
            "tags_all": {
              "example": "hello-world-ecs-example"
            },
            "timeouts": null
          },
          "sensitive_attributes": [],
          "private": "eyJlMmJmYjczMC1lY2FhLTExZTYtOGY4OC0zNDM2M2JjN2M0YzAiOnsiZGVsZXRlIjoxMjAwMDAwMDAwMDAwfX0="
        }
      ]
    },
    {
      "module": "module.ecr",
      "mode": "managed",
      "type": "aws_ecr_repository_policy",
      "name": "this",
      "provider": "provider[\"registry.terraform.io/hashicorp/aws\"]",
      "instances": [
        {
          "index_key": 0,
          "schema_version": 0,
          "attributes": {
            "id": "hello-world-ecs-example",
            "policy": "{\"Statement\":[{\"Action\":[\"ecr:ListTagsForResource\",\"ecr:ListImages\",\"ecr:GetRepositoryPolicy\",\"ecr:GetLifecyclePolicyPreview\",\"ecr:GetLifecyclePolicy\",\"ecr:GetDownloadUrlForLayer\",\"ecr:GetAuthorizationToken\",\"ecr:DescribeRepositories\",\"ecr:DescribeImages\",\"ecr:DescribeImageScanFindings\",\"ecr:BatchGetImage\",\"ecr:BatchCheckLayerAvailability\"],\"Effect\":\"Allow\",\"Principal\":{\"AWS\":\"arn:aws:iam::615879554790:root\"},\"Sid\":\"PrivateReadOnly\"}],\"Version\":\"2012-10-17\"}",
            "registry_id": "615879554790",
            "repository": "hello-world-ecs-example"
          },
          "sensitive_attributes": [],
          "private": "bnVsbA==",
          "dependencies": [
            "module.ecr.aws_ecr_repository.this",
            "module.ecr.data.aws_caller_identity.current",
            "module.ecr.data.aws_iam_policy_document.repository",
            "module.ecr.data.aws_partition.current"
          ]
        }
      ]
    },
    {
      "module": "module.ecs",
      "mode": "managed",
      "type": "aws_ecs_cluster",
      "name": "this",
      "provider": "provider[\"registry.terraform.io/hashicorp/aws\"]",
      "instances": [
        {
          "index_key": 0,
          "schema_version": 0,
          "attributes": {
            "arn": "arn:aws:ecs:ca-central-1:615879554790:cluster/hello-world-ecs-example",
            "capacity_providers": [
              "FARGATE",
              "FARGATE_SPOT"
            ],
            "configuration": [
              {
                "execute_command_configuration": [
                  {
                    "kms_key_id": "",
                    "log_configuration": [],
                    "logging": "DEFAULT"
                  }
                ]
              }
            ],
            "default_capacity_provider_strategy": [
              {
                "base": 0,
                "capacity_provider": "FARGATE_SPOT",
                "weight": 50
              },
              {
                "base": 20,
                "capacity_provider": "FARGATE",
                "weight": 50
              }
            ],
            "id": "arn:aws:ecs:ca-central-1:615879554790:cluster/hello-world-ecs-example",
            "name": "hello-world-ecs-example",
            "service_connect_defaults": [],
            "setting": [
              {
                "name": "containerInsights",
                "value": "enabled"
              }
            ],
            "tags": {},
            "tags_all": {
              "example": "hello-world-ecs-example"
            }
          },
          "sensitive_attributes": [],
          "private": "bnVsbA=="
        }
      ]
    },
    {
      "module": "module.ecs",
      "mode": "managed",
      "type": "aws_ecs_cluster_capacity_providers",
      "name": "this",
      "provider": "provider[\"registry.terraform.io/hashicorp/aws\"]",
      "instances": [
        {
          "index_key": 0,
          "schema_version": 0,
          "attributes": {
            "capacity_providers": [
              "FARGATE",
              "FARGATE_SPOT"
            ],
            "cluster_name": "hello-world-ecs-example",
            "default_capacity_provider_strategy": [
              {
                "base": 0,
                "capacity_provider": "FARGATE_SPOT",
                "weight": 50
              },
              {
                "base": 20,
                "capacity_provider": "FARGATE",
                "weight": 50
              }
            ],
            "id": "hello-world-ecs-example"
          },
          "sensitive_attributes": [],
          "private": "bnVsbA==",
          "dependencies": [
            "module.ecs.aws_ecs_capacity_provider.this",
            "module.ecs.aws_ecs_cluster.this"
          ]
        }
      ]
    },
    {
      "module": "module.vpc",
      "mode": "managed",
      "type": "aws_eip",
      "name": "nat",
      "provider": "provider[\"registry.terraform.io/hashicorp/aws\"]",
      "instances": [
        {
          "index_key": 0,
          "schema_version": 0,
          "attributes": {
            "address": null,
            "allocation_id": "eipalloc-0ed0432ba88bce981",
            "associate_with_private_ip": null,
            "association_id": "eipassoc-08bcaca1cf1e30247",
            "carrier_ip": "",
            "customer_owned_ip": "",
            "customer_owned_ipv4_pool": "",
            "domain": "vpc",
            "id": "eipalloc-0ed0432ba88bce981",
            "instance": "",
            "network_border_group": "ca-central-1",
            "network_interface": "eni-0ba42deea1bbd2a37",
            "private_dns": "ip-10-0-101-137.ca-central-1.compute.internal",
            "private_ip": "10.0.101.137",
            "public_dns": "ec2-15-156-253-72.ca-central-1.compute.amazonaws.com",
            "public_ip": "15.156.253.72",
            "public_ipv4_pool": "amazon",
            "tags": {
              "Name": "-ca-central-1a"
            },
            "tags_all": {
              "Name": "-ca-central-1a",
              "example": "hello-world-ecs-example"
            },
            "timeouts": null,
            "vpc": true
          },
          "sensitive_attributes": [],
          "private": "eyJlMmJmYjczMC1lY2FhLTExZTYtOGY4OC0zNDM2M2JjN2M0YzAiOnsiZGVsZXRlIjoxODAwMDAwMDAwMDAsInJlYWQiOjkwMDAwMDAwMDAwMCwidXBkYXRlIjozMDAwMDAwMDAwMDB9fQ==",
          "dependencies": [
            "data.aws_availability_zones.available"
          ]
        }
      ]
    },
    {
      "module": "module.vpc",
      "mode": "managed",
      "type": "aws_internet_gateway",
      "name": "this",
      "provider": "provider[\"registry.terraform.io/hashicorp/aws\"]",
      "instances": [
        {
          "index_key": 0,
          "schema_version": 0,
          "attributes": {
            "arn": "arn:aws:ec2:ca-central-1:615879554790:internet-gateway/igw-0f8379f66b9b327ed",
            "id": "igw-0f8379f66b9b327ed",
            "owner_id": "615879554790",
            "tags": {
              "Name": ""
            },
            "tags_all": {
              "Name": "",
              "example": "hello-world-ecs-example"
            },
            "timeouts": null,
            "vpc_id": "vpc-0541ec95a973ab192"
          },
          "sensitive_attributes": [],
          "private": "eyJlMmJmYjczMC1lY2FhLTExZTYtOGY4OC0zNDM2M2JjN2M0YzAiOnsiY3JlYXRlIjoxMjAwMDAwMDAwMDAwLCJkZWxldGUiOjEyMDAwMDAwMDAwMDAsInVwZGF0ZSI6MTIwMDAwMDAwMDAwMH19",
          "dependencies": [
            "module.vpc.aws_vpc.this",
            "module.vpc.aws_vpc_ipv4_cidr_block_association.this"
          ]
        }
      ]
    },
    {
      "module": "module.vpc",
      "mode": "managed",
      "type": "aws_nat_gateway",
      "name": "this",
      "provider": "provider[\"registry.terraform.io/hashicorp/aws\"]",
      "instances": [
        {
          "index_key": 0,
          "schema_version": 0,
          "attributes": {
            "allocation_id": "eipalloc-0ed0432ba88bce981",
            "association_id": "eipassoc-08bcaca1cf1e30247",
            "connectivity_type": "public",
            "id": "nat-0c8cc0094ea1f55aa",
            "network_interface_id": "eni-0ba42deea1bbd2a37",
            "private_ip": "10.0.101.137",
            "public_ip": "15.156.253.72",
            "subnet_id": "subnet-08075ece28092437e",
            "tags": {
              "Name": "-ca-central-1a"
            },
            "tags_all": {
              "Name": "-ca-central-1a",
              "example": "hello-world-ecs-example"
            }
          },
          "sensitive_attributes": [],
          "private": "bnVsbA==",
          "dependencies": [
            "data.aws_availability_zones.available",
            "module.vpc.aws_eip.nat",
            "module.vpc.aws_internet_gateway.this",
            "module.vpc.aws_subnet.public",
            "module.vpc.aws_vpc.this",
            "module.vpc.aws_vpc_ipv4_cidr_block_association.this"
          ]
        }
      ]
    },
    {
      "module": "module.vpc",
      "mode": "managed",
      "type": "aws_route",
      "name": "private_nat_gateway",
      "provider": "provider[\"registry.terraform.io/hashicorp/aws\"]",
      "instances": [
        {
          "index_key": 0,
          "schema_version": 0,
          "attributes": {
            "carrier_gateway_id": "",
            "core_network_arn": "",
            "destination_cidr_block": "0.0.0.0/0",
            "destination_ipv6_cidr_block": "",
            "destination_prefix_list_id": "",
            "egress_only_gateway_id": "",
            "gateway_id": "",
            "id": "r-rtb-07d3ba7a1ba6ca8211080289494",
            "instance_id": "",
            "instance_owner_id": "",
            "local_gateway_id": "",
            "nat_gateway_id": "nat-0c8cc0094ea1f55aa",
            "network_interface_id": "",
            "origin": "CreateRoute",
            "route_table_id": "rtb-07d3ba7a1ba6ca821",
            "state": "active",
            "timeouts": {
              "create": "5m",
              "delete": null,
              "update": null
            },
            "transit_gateway_id": "",
            "vpc_endpoint_id": "",
            "vpc_peering_connection_id": ""
          },
          "sensitive_attributes": [],
          "private": "eyJlMmJmYjczMC1lY2FhLTExZTYtOGY4OC0zNDM2M2JjN2M0YzAiOnsiY3JlYXRlIjozMDAwMDAwMDAwMDAsImRlbGV0ZSI6MzAwMDAwMDAwMDAwLCJ1cGRhdGUiOjEyMDAwMDAwMDAwMH19",
          "dependencies": [
            "data.aws_availability_zones.available",
            "module.vpc.aws_eip.nat",
            "module.vpc.aws_internet_gateway.this",
            "module.vpc.aws_nat_gateway.this",
            "module.vpc.aws_route_table.private",
            "module.vpc.aws_subnet.public",
            "module.vpc.aws_vpc.this",
            "module.vpc.aws_vpc_ipv4_cidr_block_association.this"
          ]
        }
      ]
    },
    {
      "module": "module.vpc",
      "mode": "managed",
      "type": "aws_route",
      "name": "public_internet_gateway",
      "provider": "provider[\"registry.terraform.io/hashicorp/aws\"]",
      "instances": [
        {
          "index_key": 0,
          "schema_version": 0,
          "attributes": {
            "carrier_gateway_id": "",
            "core_network_arn": "",
            "destination_cidr_block": "0.0.0.0/0",
            "destination_ipv6_cidr_block": "",
            "destination_prefix_list_id": "",
            "egress_only_gateway_id": "",
            "gateway_id": "igw-0f8379f66b9b327ed",
            "id": "r-rtb-0923e1e608d5714bd1080289494",
            "instance_id": "",
            "instance_owner_id": "",
            "local_gateway_id": "",
            "nat_gateway_id": "",
            "network_interface_id": "",
            "origin": "CreateRoute",
            "route_table_id": "rtb-0923e1e608d5714bd",
            "state": "active",
            "timeouts": {
              "create": "5m",
              "delete": null,
              "update": null
            },
            "transit_gateway_id": "",
            "vpc_endpoint_id": "",
            "vpc_peering_connection_id": ""
          },
          "sensitive_attributes": [],
          "private": "eyJlMmJmYjczMC1lY2FhLTExZTYtOGY4OC0zNDM2M2JjN2M0YzAiOnsiY3JlYXRlIjozMDAwMDAwMDAwMDAsImRlbGV0ZSI6MzAwMDAwMDAwMDAwLCJ1cGRhdGUiOjEyMDAwMDAwMDAwMH19",
          "dependencies": [
            "module.vpc.aws_internet_gateway.this",
            "module.vpc.aws_route_table.public",
            "module.vpc.aws_vpc.this",
            "module.vpc.aws_vpc_ipv4_cidr_block_association.this"
          ]
        }
      ]
    },
    {
      "module": "module.vpc",
      "mode": "managed",
      "type": "aws_route_table",
      "name": "private",
      "provider": "provider[\"registry.terraform.io/hashicorp/aws\"]",
      "instances": [
        {
          "index_key": 0,
          "schema_version": 0,
          "attributes": {
            "arn": "arn:aws:ec2:ca-central-1:615879554790:route-table/rtb-07d3ba7a1ba6ca821",
            "id": "rtb-07d3ba7a1ba6ca821",
            "owner_id": "615879554790",
            "propagating_vgws": [],
            "route": [
              {
                "carrier_gateway_id": "",
                "cidr_block": "0.0.0.0/0",
                "core_network_arn": "",
                "destination_prefix_list_id": "",
                "egress_only_gateway_id": "",
                "gateway_id": "",
                "instance_id": "",
                "ipv6_cidr_block": "",
                "local_gateway_id": "",
                "nat_gateway_id": "nat-0c8cc0094ea1f55aa",
                "network_interface_id": "",
                "transit_gateway_id": "",
                "vpc_endpoint_id": "",
                "vpc_peering_connection_id": ""
              }
            ],
            "tags": {
              "Name": "-private"
            },
            "tags_all": {
              "Name": "-private",
              "example": "hello-world-ecs-example"
            },
            "timeouts": null,
            "vpc_id": "vpc-0541ec95a973ab192"
          },
          "sensitive_attributes": [],
          "private": "eyJlMmJmYjczMC1lY2FhLTExZTYtOGY4OC0zNDM2M2JjN2M0YzAiOnsiY3JlYXRlIjozMDAwMDAwMDAwMDAsImRlbGV0ZSI6MzAwMDAwMDAwMDAwLCJ1cGRhdGUiOjEyMDAwMDAwMDAwMH19",
          "dependencies": [
            "data.aws_availability_zones.available",
            "module.vpc.aws_vpc.this",
            "module.vpc.aws_vpc_ipv4_cidr_block_association.this"
          ]
        }
      ]
    },
    {
      "module": "module.vpc",
      "mode": "managed",
      "type": "aws_route_table",
      "name": "public",
      "provider": "provider[\"registry.terraform.io/hashicorp/aws\"]",
      "instances": [
        {
          "index_key": 0,
          "schema_version": 0,
          "attributes": {
            "arn": "arn:aws:ec2:ca-central-1:615879554790:route-table/rtb-0923e1e608d5714bd",
            "id": "rtb-0923e1e608d5714bd",
            "owner_id": "615879554790",
            "propagating_vgws": [],
            "route": [
              {
                "carrier_gateway_id": "",
                "cidr_block": "0.0.0.0/0",
                "core_network_arn": "",
                "destination_prefix_list_id": "",
                "egress_only_gateway_id": "",
                "gateway_id": "igw-0f8379f66b9b327ed",
                "instance_id": "",
                "ipv6_cidr_block": "",
                "local_gateway_id": "",
                "nat_gateway_id": "",
                "network_interface_id": "",
                "transit_gateway_id": "",
                "vpc_endpoint_id": "",
                "vpc_peering_connection_id": ""
              }
            ],
            "tags": {
              "Name": "-public"
            },
            "tags_all": {
              "Name": "-public",
              "example": "hello-world-ecs-example"
            },
            "timeouts": null,
            "vpc_id": "vpc-0541ec95a973ab192"
          },
          "sensitive_attributes": [],
          "private": "eyJlMmJmYjczMC1lY2FhLTExZTYtOGY4OC0zNDM2M2JjN2M0YzAiOnsiY3JlYXRlIjozMDAwMDAwMDAwMDAsImRlbGV0ZSI6MzAwMDAwMDAwMDAwLCJ1cGRhdGUiOjEyMDAwMDAwMDAwMH19",
          "dependencies": [
            "module.vpc.aws_vpc.this",
            "module.vpc.aws_vpc_ipv4_cidr_block_association.this"
          ]
        }
      ]
    },
    {
      "module": "module.vpc",
      "mode": "managed",
      "type": "aws_route_table_association",
      "name": "private",
      "provider": "provider[\"registry.terraform.io/hashicorp/aws\"]",
      "instances": [
        {
          "index_key": 0,
          "schema_version": 0,
          "attributes": {
            "gateway_id": "",
            "id": "rtbassoc-0aff03e0438661943",
            "route_table_id": "rtb-07d3ba7a1ba6ca821",
            "subnet_id": "subnet-06f179a081af8f5e0",
            "timeouts": null
          },
          "sensitive_attributes": [],
          "private": "eyJlMmJmYjczMC1lY2FhLTExZTYtOGY4OC0zNDM2M2JjN2M0YzAiOnsiY3JlYXRlIjozMDAwMDAwMDAwMDAsImRlbGV0ZSI6MzAwMDAwMDAwMDAwLCJ1cGRhdGUiOjEyMDAwMDAwMDAwMH19",
          "dependencies": [
            "data.aws_availability_zones.available",
            "module.vpc.aws_route_table.private",
            "module.vpc.aws_subnet.private",
            "module.vpc.aws_vpc.this",
            "module.vpc.aws_vpc_ipv4_cidr_block_association.this"
          ]
        },
        {
          "index_key": 1,
          "schema_version": 0,
          "attributes": {
            "gateway_id": "",
            "id": "rtbassoc-05830b5559c542a6e",
            "route_table_id": "rtb-07d3ba7a1ba6ca821",
            "subnet_id": "subnet-0ded13adf1139fe1a",
            "timeouts": null
          },
          "sensitive_attributes": [],
          "private": "eyJlMmJmYjczMC1lY2FhLTExZTYtOGY4OC0zNDM2M2JjN2M0YzAiOnsiY3JlYXRlIjozMDAwMDAwMDAwMDAsImRlbGV0ZSI6MzAwMDAwMDAwMDAwLCJ1cGRhdGUiOjEyMDAwMDAwMDAwMH19",
          "dependencies": [
            "data.aws_availability_zones.available",
            "module.vpc.aws_route_table.private",
            "module.vpc.aws_subnet.private",
            "module.vpc.aws_vpc.this",
            "module.vpc.aws_vpc_ipv4_cidr_block_association.this"
          ]
        }
      ]
    },
    {
      "module": "module.vpc",
      "mode": "managed",
      "type": "aws_route_table_association",
      "name": "public",
      "provider": "provider[\"registry.terraform.io/hashicorp/aws\"]",
      "instances": [
        {
          "index_key": 0,
          "schema_version": 0,
          "attributes": {
            "gateway_id": "",
            "id": "rtbassoc-0c8509d72f92d2faf",
            "route_table_id": "rtb-0923e1e608d5714bd",
            "subnet_id": "subnet-08075ece28092437e",
            "timeouts": null
          },
          "sensitive_attributes": [],
          "private": "eyJlMmJmYjczMC1lY2FhLTExZTYtOGY4OC0zNDM2M2JjN2M0YzAiOnsiY3JlYXRlIjozMDAwMDAwMDAwMDAsImRlbGV0ZSI6MzAwMDAwMDAwMDAwLCJ1cGRhdGUiOjEyMDAwMDAwMDAwMH19",
          "dependencies": [
            "data.aws_availability_zones.available",
            "module.vpc.aws_route_table.public",
            "module.vpc.aws_subnet.public",
            "module.vpc.aws_vpc.this",
            "module.vpc.aws_vpc_ipv4_cidr_block_association.this"
          ]
        },
        {
          "index_key": 1,
          "schema_version": 0,
          "attributes": {
            "gateway_id": "",
            "id": "rtbassoc-0169c1fae078a37f3",
            "route_table_id": "rtb-0923e1e608d5714bd",
            "subnet_id": "subnet-081083099c873740f",
            "timeouts": null
          },
          "sensitive_attributes": [],
          "private": "eyJlMmJmYjczMC1lY2FhLTExZTYtOGY4OC0zNDM2M2JjN2M0YzAiOnsiY3JlYXRlIjozMDAwMDAwMDAwMDAsImRlbGV0ZSI6MzAwMDAwMDAwMDAwLCJ1cGRhdGUiOjEyMDAwMDAwMDAwMH19",
          "dependencies": [
            "data.aws_availability_zones.available",
            "module.vpc.aws_route_table.public",
            "module.vpc.aws_subnet.public",
            "module.vpc.aws_vpc.this",
            "module.vpc.aws_vpc_ipv4_cidr_block_association.this"
          ]
        }
      ]
    },
    {
      "module": "module.vpc",
      "mode": "managed",
      "type": "aws_subnet",
      "name": "private",
      "provider": "provider[\"registry.terraform.io/hashicorp/aws\"]",
      "instances": [
        {
          "index_key": 0,
          "schema_version": 1,
          "attributes": {
            "arn": "arn:aws:ec2:ca-central-1:615879554790:subnet/subnet-06f179a081af8f5e0",
            "assign_ipv6_address_on_creation": false,
            "availability_zone": "ca-central-1a",
            "availability_zone_id": "cac1-az1",
            "cidr_block": "10.0.1.0/24",
            "customer_owned_ipv4_pool": "",
            "enable_dns64": false,
            "enable_lni_at_device_index": 0,
            "enable_resource_name_dns_a_record_on_launch": false,
            "enable_resource_name_dns_aaaa_record_on_launch": false,
            "id": "subnet-06f179a081af8f5e0",
            "ipv6_cidr_block": "",
            "ipv6_cidr_block_association_id": "",
            "ipv6_native": false,
            "map_customer_owned_ip_on_launch": false,
            "map_public_ip_on_launch": false,
            "outpost_arn": "",
            "owner_id": "615879554790",
            "private_dns_hostname_type_on_launch": "ip-name",
            "tags": {
              "Name": "-private-ca-central-1a"
            },
            "tags_all": {
              "Name": "-private-ca-central-1a",
              "example": "hello-world-ecs-example"
            },
            "timeouts": null,
            "vpc_id": "vpc-0541ec95a973ab192"
          },
          "sensitive_attributes": [],
          "private": "eyJlMmJmYjczMC1lY2FhLTExZTYtOGY4OC0zNDM2M2JjN2M0YzAiOnsiY3JlYXRlIjo2MDAwMDAwMDAwMDAsImRlbGV0ZSI6MTIwMDAwMDAwMDAwMH0sInNjaGVtYV92ZXJzaW9uIjoiMSJ9",
          "dependencies": [
            "data.aws_availability_zones.available",
            "module.vpc.aws_vpc.this",
            "module.vpc.aws_vpc_ipv4_cidr_block_association.this"
          ]
        },
        {
          "index_key": 1,
          "schema_version": 1,
          "attributes": {
            "arn": "arn:aws:ec2:ca-central-1:615879554790:subnet/subnet-0ded13adf1139fe1a",
            "assign_ipv6_address_on_creation": false,
            "availability_zone": "ca-central-1b",
            "availability_zone_id": "cac1-az2",
            "cidr_block": "10.0.2.0/24",
            "customer_owned_ipv4_pool": "",
            "enable_dns64": false,
            "enable_lni_at_device_index": 0,
            "enable_resource_name_dns_a_record_on_launch": false,
            "enable_resource_name_dns_aaaa_record_on_launch": false,
            "id": "subnet-0ded13adf1139fe1a",
            "ipv6_cidr_block": "",
            "ipv6_cidr_block_association_id": "",
            "ipv6_native": false,
            "map_customer_owned_ip_on_launch": false,
            "map_public_ip_on_launch": false,
            "outpost_arn": "",
            "owner_id": "615879554790",
            "private_dns_hostname_type_on_launch": "ip-name",
            "tags": {
              "Name": "-private-ca-central-1b"
            },
            "tags_all": {
              "Name": "-private-ca-central-1b",
              "example": "hello-world-ecs-example"
            },
            "timeouts": null,
            "vpc_id": "vpc-0541ec95a973ab192"
          },
          "sensitive_attributes": [],
          "private": "eyJlMmJmYjczMC1lY2FhLTExZTYtOGY4OC0zNDM2M2JjN2M0YzAiOnsiY3JlYXRlIjo2MDAwMDAwMDAwMDAsImRlbGV0ZSI6MTIwMDAwMDAwMDAwMH0sInNjaGVtYV92ZXJzaW9uIjoiMSJ9",
          "dependencies": [
            "data.aws_availability_zones.available",
            "module.vpc.aws_vpc.this",
            "module.vpc.aws_vpc_ipv4_cidr_block_association.this"
          ]
        }
      ]
    },
    {
      "module": "module.vpc",
      "mode": "managed",
      "type": "aws_subnet",
      "name": "public",
      "provider": "provider[\"registry.terraform.io/hashicorp/aws\"]",
      "instances": [
        {
          "index_key": 0,
          "schema_version": 1,
          "attributes": {
            "arn": "arn:aws:ec2:ca-central-1:615879554790:subnet/subnet-08075ece28092437e",
            "assign_ipv6_address_on_creation": false,
            "availability_zone": "ca-central-1a",
            "availability_zone_id": "cac1-az1",
            "cidr_block": "10.0.101.0/24",
            "customer_owned_ipv4_pool": "",
            "enable_dns64": false,
            "enable_lni_at_device_index": 0,
            "enable_resource_name_dns_a_record_on_launch": false,
            "enable_resource_name_dns_aaaa_record_on_launch": false,
            "id": "subnet-08075ece28092437e",
            "ipv6_cidr_block": "",
            "ipv6_cidr_block_association_id": "",
            "ipv6_native": false,
            "map_customer_owned_ip_on_launch": false,
            "map_public_ip_on_launch": true,
            "outpost_arn": "",
            "owner_id": "615879554790",
            "private_dns_hostname_type_on_launch": "ip-name",
            "tags": {
              "Name": "-public-ca-central-1a"
            },
            "tags_all": {
              "Name": "-public-ca-central-1a",
              "example": "hello-world-ecs-example"
            },
            "timeouts": null,
            "vpc_id": "vpc-0541ec95a973ab192"
          },
          "sensitive_attributes": [],
          "private": "eyJlMmJmYjczMC1lY2FhLTExZTYtOGY4OC0zNDM2M2JjN2M0YzAiOnsiY3JlYXRlIjo2MDAwMDAwMDAwMDAsImRlbGV0ZSI6MTIwMDAwMDAwMDAwMH0sInNjaGVtYV92ZXJzaW9uIjoiMSJ9",
          "dependencies": [
            "data.aws_availability_zones.available",
            "module.vpc.aws_vpc.this",
            "module.vpc.aws_vpc_ipv4_cidr_block_association.this"
          ]
        },
        {
          "index_key": 1,
          "schema_version": 1,
          "attributes": {
            "arn": "arn:aws:ec2:ca-central-1:615879554790:subnet/subnet-081083099c873740f",
            "assign_ipv6_address_on_creation": false,
            "availability_zone": "ca-central-1b",
            "availability_zone_id": "cac1-az2",
            "cidr_block": "10.0.102.0/24",
            "customer_owned_ipv4_pool": "",
            "enable_dns64": false,
            "enable_lni_at_device_index": 0,
            "enable_resource_name_dns_a_record_on_launch": false,
            "enable_resource_name_dns_aaaa_record_on_launch": false,
            "id": "subnet-081083099c873740f",
            "ipv6_cidr_block": "",
            "ipv6_cidr_block_association_id": "",
            "ipv6_native": false,
            "map_customer_owned_ip_on_launch": false,
            "map_public_ip_on_launch": true,
            "outpost_arn": "",
            "owner_id": "615879554790",
            "private_dns_hostname_type_on_launch": "ip-name",
            "tags": {
              "Name": "-public-ca-central-1b"
            },
            "tags_all": {
              "Name": "-public-ca-central-1b",
              "example": "hello-world-ecs-example"
            },
            "timeouts": null,
            "vpc_id": "vpc-0541ec95a973ab192"
          },
          "sensitive_attributes": [],
          "private": "eyJlMmJmYjczMC1lY2FhLTExZTYtOGY4OC0zNDM2M2JjN2M0YzAiOnsiY3JlYXRlIjo2MDAwMDAwMDAwMDAsImRlbGV0ZSI6MTIwMDAwMDAwMDAwMH0sInNjaGVtYV92ZXJzaW9uIjoiMSJ9",
          "dependencies": [
            "data.aws_availability_zones.available",
            "module.vpc.aws_vpc.this",
            "module.vpc.aws_vpc_ipv4_cidr_block_association.this"
          ]
        }
      ]
    },
    {
      "module": "module.vpc",
      "mode": "managed",
      "type": "aws_vpc",
      "name": "this",
      "provider": "provider[\"registry.terraform.io/hashicorp/aws\"]",
      "instances": [
        {
          "index_key": 0,
          "schema_version": 1,
          "attributes": {
            "arn": "arn:aws:ec2:ca-central-1:615879554790:vpc/vpc-0541ec95a973ab192",
            "assign_generated_ipv6_cidr_block": false,
            "cidr_block": "10.0.0.0/16",
            "default_network_acl_id": "acl-02037bd0956a8f1b7",
            "default_route_table_id": "rtb-0cd1539db006e3702",
            "default_security_group_id": "sg-02df355385866789e",
            "dhcp_options_id": "dopt-0594a748136742a2a",
            "enable_classiclink": false,
            "enable_classiclink_dns_support": false,
            "enable_dns_hostnames": false,
            "enable_dns_support": true,
            "enable_network_address_usage_metrics": false,
            "id": "vpc-0541ec95a973ab192",
            "instance_tenancy": "default",
            "ipv4_ipam_pool_id": null,
            "ipv4_netmask_length": null,
            "ipv6_association_id": "",
            "ipv6_cidr_block": "",
            "ipv6_cidr_block_network_border_group": "",
            "ipv6_ipam_pool_id": "",
            "ipv6_netmask_length": 0,
            "main_route_table_id": "rtb-0cd1539db006e3702",
            "owner_id": "615879554790",
            "tags": {
              "Name": ""
            },
            "tags_all": {
              "Name": "",
              "example": "hello-world-ecs-example"
            }
          },
          "sensitive_attributes": [],
          "private": "eyJzY2hlbWFfdmVyc2lvbiI6IjEifQ==",
          "create_before_destroy": true
        }
      ]
    }
  ],
  "check_results": null
}
